<?xml version="1.0" encoding="utf-8"?>
<Project ToolsVersion="4.0" xmlns="http://schemas.microsoft.com/developer/msbuild/2003">
  <ItemGroup>
    <ClCompile Include="Ball.cpp" />
    <ClCompile Include="EnginePhys.cpp" />
    <ClCompile Include="Font.cpp" />
    <ClCompile Include="Glyph.cpp" />
    <ClCompile Include="Sphere.cpp" />
    <ClCompile Include="Engine.cpp" />
    <ClCompile Include="Line.cpp" />
    <ClCompile Include="Manager.cpp" />
    <ClCompile Include="main.cpp" />
    <ClCompile Include="Maze.cpp" />
    <ClCompile Include="Orientation.cpp" />
    <ClCompile Include="Game.cpp" />
    <ClCompile Include="stb_image.c" />
    <ClCompile Include="Texture.cpp" />
    <ClCompile Include="Vector2D.cpp" />
    <ClCompile Include="Vector3D.cpp" />
    <ClCompile Include="ObjectLoader.cpp" />
  </ItemGroup>
  <ItemGroup>
    <ClInclude Include="Ball.h" />
    <ClInclude Include="EnginePhys.h" />
    <ClInclude Include="Font.h" />
    <ClInclude Include="globaldefines.h" />
    <ClInclude Include="Glyph.h" />
    <ClInclude Include="Sphere.h" />
    <ClInclude Include="Engine.h" />
    <ClInclude Include="Line.h" />
    <ClInclude Include="Manager.h" />
    <ClInclude Include="Maze.h" />
    <ClInclude Include="Orientation.h" />
    <ClInclude Include="Game.h" />
    <ClInclude Include="stb_image.h" />
    <ClInclude Include="Texture.h" />
    <ClInclude Include="Vector2D.h" />
    <ClInclude Include="Vector3D.h" />
    <ClInclude Include="ObjectLoader.h" />
  </ItemGroup>
</Project>